// !$*UTF8*$!
{
	archiveVersion = 1;
	classes = {
	};
	objectVersion = 55;
	objects = {

/* Begin PBXBuildFile section */
		373C8C9500907958F1A51800 /* Pods_NasaGalleryApp.framework in Frameworks */ = {isa = PBXBuildFile; fileRef = 8EF3BF829F72645071550C86 /* Pods_NasaGalleryApp.framework */; };
		E65BF0F6292156C100CDEBC6 /* NasaGalleryAppTests.swift in Sources */ = {isa = PBXBuildFile; fileRef = E65BF0F5292156C100CDEBC6 /* NasaGalleryAppTests.swift */; };
		E66FADC0291F6FCF00CD4018 /* AppDelegate.swift in Sources */ = {isa = PBXBuildFile; fileRef = E66FADBF291F6FCF00CD4018 /* AppDelegate.swift */; };
		E66FADC9291F6FD000CD4018 /* Assets.xcassets in Resources */ = {isa = PBXBuildFile; fileRef = E66FADC8291F6FD000CD4018 /* Assets.xcassets */; };
		E66FADCC291F6FD000CD4018 /* LaunchScreen.storyboard in Resources */ = {isa = PBXBuildFile; fileRef = E66FADCA291F6FD000CD4018 /* LaunchScreen.storyboard */; };
		E66FADD9291F7E8200CD4018 /* GalleryHomeViewController.swift in Sources */ = {isa = PBXBuildFile; fileRef = E66FADD7291F7E8200CD4018 /* GalleryHomeViewController.swift */; };
		E66FADDA291F7E8200CD4018 /* GalleryHomeViewController.xib in Resources */ = {isa = PBXBuildFile; fileRef = E66FADD8291F7E8200CD4018 /* GalleryHomeViewController.xib */; };
		E66FADDC291F7EBB00CD4018 /* GalleryHomeViewModel.swift in Sources */ = {isa = PBXBuildFile; fileRef = E66FADDB291F7EBB00CD4018 /* GalleryHomeViewModel.swift */; };
		E66FADDE291F7F0500CD4018 /* GalleryModel.swift in Sources */ = {isa = PBXBuildFile; fileRef = E66FADDD291F7F0500CD4018 /* GalleryModel.swift */; };
		E66FADE2291F817D00CD4018 /* NetworkManager.swift in Sources */ = {isa = PBXBuildFile; fileRef = E66FADE1291F817D00CD4018 /* NetworkManager.swift */; };
		E66FADE4291F83C800CD4018 /* NetworkError.swift in Sources */ = {isa = PBXBuildFile; fileRef = E66FADE3291F83C800CD4018 /* NetworkError.swift */; };
		E66FADE7291FA4B500CD4018 /* Observable.swift in Sources */ = {isa = PBXBuildFile; fileRef = E66FADE6291FA4B500CD4018 /* Observable.swift */; };
		E66FADEA291FAEC000CD4018 /* UIViewController_Extension.swift in Sources */ = {isa = PBXBuildFile; fileRef = E66FADE9291FAEC000CD4018 /* UIViewController_Extension.swift */; };
		E66FADEE291FAF0800CD4018 /* CVProgressHUD.swift in Sources */ = {isa = PBXBuildFile; fileRef = E66FADEC291FAF0800CD4018 /* CVProgressHUD.swift */; };
		E66FADEF291FAF0800CD4018 /* CVProgressHUD.xib in Resources */ = {isa = PBXBuildFile; fileRef = E66FADED291FAF0800CD4018 /* CVProgressHUD.xib */; };
		E66FADF1291FBFA000CD4018 /* GalleryItemViewModel.swift in Sources */ = {isa = PBXBuildFile; fileRef = E66FADF0291FBFA000CD4018 /* GalleryItemViewModel.swift */; };
		E66FADF5291FC21F00CD4018 /* GalleryCollectionViewCell.swift in Sources */ = {isa = PBXBuildFile; fileRef = E66FADF3291FC21F00CD4018 /* GalleryCollectionViewCell.swift */; };
		E66FADF6291FC21F00CD4018 /* GalleryCollectionViewCell.xib in Resources */ = {isa = PBXBuildFile; fileRef = E66FADF4291FC21F00CD4018 /* GalleryCollectionViewCell.xib */; };
		E66FADF8291FC3E900CD4018 /* String_Extension.swift in Sources */ = {isa = PBXBuildFile; fileRef = E66FADF7291FC3E900CD4018 /* String_Extension.swift */; };
		E6E33FAE2920D98800FBEBC0 /* NetworkService.swift in Sources */ = {isa = PBXBuildFile; fileRef = E6E33FAD2920D98800FBEBC0 /* NetworkService.swift */; };
		E6E33FEA2921050F00FBEBC0 /* SwipeCollectionViewCell.swift in Sources */ = {isa = PBXBuildFile; fileRef = E6E33FE82921050F00FBEBC0 /* SwipeCollectionViewCell.swift */; };
		E6E33FEB2921050F00FBEBC0 /* SwipeCollectionViewCell.xib in Resources */ = {isa = PBXBuildFile; fileRef = E6E33FE92921050F00FBEBC0 /* SwipeCollectionViewCell.xib */; };
		E6E33FF329213A9F00FBEBC0 /* NasaGalleryAppUITests.swift in Sources */ = {isa = PBXBuildFile; fileRef = E6E33FF229213A9F00FBEBC0 /* NasaGalleryAppUITests.swift */; };
		E6E33FF529213A9F00FBEBC0 /* NasaGalleryAppUITestsLaunchTests.swift in Sources */ = {isa = PBXBuildFile; fileRef = E6E33FF429213A9F00FBEBC0 /* NasaGalleryAppUITestsLaunchTests.swift */; };
		E6EC290D2920192E00453F09 /* GalleryDetailsViewController.swift in Sources */ = {isa = PBXBuildFile; fileRef = E6EC290B2920192E00453F09 /* GalleryDetailsViewController.swift */; };
		E6EC290E2920192E00453F09 /* GalleryDetailsViewController.xib in Resources */ = {isa = PBXBuildFile; fileRef = E6EC290C2920192E00453F09 /* GalleryDetailsViewController.xib */; };
/* End PBXBuildFile section */

/* Begin PBXContainerItemProxy section */
		E65BF0EC2921567300CDEBC6 /* PBXContainerItemProxy */ = {
			isa = PBXContainerItemProxy;
			containerPortal = E66FADB4291F6FCF00CD4018 /* Project object */;
			proxyType = 1;
			remoteGlobalIDString = E66FADBB291F6FCF00CD4018;
			remoteInfo = NasaGalleryApp;
		};
		E6E33FF629213A9F00FBEBC0 /* PBXContainerItemProxy */ = {
			isa = PBXContainerItemProxy;
			containerPortal = E66FADB4291F6FCF00CD4018 /* Project object */;
			proxyType = 1;
			remoteGlobalIDString = E66FADBB291F6FCF00CD4018;
			remoteInfo = NasaGalleryApp;
		};
/* End PBXContainerItemProxy section */

/* Begin PBXFileReference section */
		8EF3BF829F72645071550C86 /* Pods_NasaGalleryApp.framework */ = {isa = PBXFileReference; explicitFileType = wrapper.framework; includeInIndex = 0; path = Pods_NasaGalleryApp.framework; sourceTree = BUILT_PRODUCTS_DIR; };
		A24EF739296B78EF0BDE8AD0 /* Pods-NasaGalleryApp.release.xcconfig */ = {isa = PBXFileReference; includeInIndex = 1; lastKnownFileType = text.xcconfig; name = "Pods-NasaGalleryApp.release.xcconfig"; path = "Target Support Files/Pods-NasaGalleryApp/Pods-NasaGalleryApp.release.xcconfig"; sourceTree = "<group>"; };
		E65BF0E82921567200CDEBC6 /* NasaGalleryAppTests.xctest */ = {isa = PBXFileReference; explicitFileType = wrapper.cfbundle; includeInIndex = 0; path = NasaGalleryAppTests.xctest; sourceTree = BUILT_PRODUCTS_DIR; };
		E65BF0F5292156C100CDEBC6 /* NasaGalleryAppTests.swift */ = {isa = PBXFileReference; fileEncoding = 4; lastKnownFileType = sourcecode.swift; path = NasaGalleryAppTests.swift; sourceTree = "<group>"; };
		E66FADBC291F6FCF00CD4018 /* NasaGalleryApp.app */ = {isa = PBXFileReference; explicitFileType = wrapper.application; includeInIndex = 0; path = NasaGalleryApp.app; sourceTree = BUILT_PRODUCTS_DIR; };
		E66FADBF291F6FCF00CD4018 /* AppDelegate.swift */ = {isa = PBXFileReference; lastKnownFileType = sourcecode.swift; path = AppDelegate.swift; sourceTree = "<group>"; };
		E66FADC8291F6FD000CD4018 /* Assets.xcassets */ = {isa = PBXFileReference; lastKnownFileType = folder.assetcatalog; path = Assets.xcassets; sourceTree = "<group>"; };
		E66FADCB291F6FD000CD4018 /* Base */ = {isa = PBXFileReference; lastKnownFileType = file.storyboard; name = Base; path = Base.lproj/LaunchScreen.storyboard; sourceTree = "<group>"; };
		E66FADCD291F6FD000CD4018 /* Info.plist */ = {isa = PBXFileReference; lastKnownFileType = text.plist.xml; path = Info.plist; sourceTree = "<group>"; };
		E66FADD7291F7E8200CD4018 /* GalleryHomeViewController.swift */ = {isa = PBXFileReference; lastKnownFileType = sourcecode.swift; path = GalleryHomeViewController.swift; sourceTree = "<group>"; };
		E66FADD8291F7E8200CD4018 /* GalleryHomeViewController.xib */ = {isa = PBXFileReference; lastKnownFileType = file.xib; path = GalleryHomeViewController.xib; sourceTree = "<group>"; };
		E66FADDB291F7EBB00CD4018 /* GalleryHomeViewModel.swift */ = {isa = PBXFileReference; lastKnownFileType = sourcecode.swift; path = GalleryHomeViewModel.swift; sourceTree = "<group>"; };
		E66FADDD291F7F0500CD4018 /* GalleryModel.swift */ = {isa = PBXFileReference; lastKnownFileType = sourcecode.swift; path = GalleryModel.swift; sourceTree = "<group>"; };
		E66FADE1291F817D00CD4018 /* NetworkManager.swift */ = {isa = PBXFileReference; lastKnownFileType = sourcecode.swift; path = NetworkManager.swift; sourceTree = "<group>"; };
		E66FADE3291F83C800CD4018 /* NetworkError.swift */ = {isa = PBXFileReference; lastKnownFileType = sourcecode.swift; path = NetworkError.swift; sourceTree = "<group>"; };
		E66FADE6291FA4B500CD4018 /* Observable.swift */ = {isa = PBXFileReference; lastKnownFileType = sourcecode.swift; path = Observable.swift; sourceTree = "<group>"; };
		E66FADE9291FAEC000CD4018 /* UIViewController_Extension.swift */ = {isa = PBXFileReference; lastKnownFileType = sourcecode.swift; path = UIViewController_Extension.swift; sourceTree = "<group>"; };
		E66FADEC291FAF0800CD4018 /* CVProgressHUD.swift */ = {isa = PBXFileReference; fileEncoding = 4; lastKnownFileType = sourcecode.swift; path = CVProgressHUD.swift; sourceTree = "<group>"; };
		E66FADED291FAF0800CD4018 /* CVProgressHUD.xib */ = {isa = PBXFileReference; fileEncoding = 4; lastKnownFileType = file.xib; path = CVProgressHUD.xib; sourceTree = "<group>"; };
		E66FADF0291FBFA000CD4018 /* GalleryItemViewModel.swift */ = {isa = PBXFileReference; lastKnownFileType = sourcecode.swift; path = GalleryItemViewModel.swift; sourceTree = "<group>"; };
		E66FADF3291FC21F00CD4018 /* GalleryCollectionViewCell.swift */ = {isa = PBXFileReference; lastKnownFileType = sourcecode.swift; path = GalleryCollectionViewCell.swift; sourceTree = "<group>"; };
		E66FADF4291FC21F00CD4018 /* GalleryCollectionViewCell.xib */ = {isa = PBXFileReference; lastKnownFileType = file.xib; path = GalleryCollectionViewCell.xib; sourceTree = "<group>"; };
		E66FADF7291FC3E900CD4018 /* String_Extension.swift */ = {isa = PBXFileReference; lastKnownFileType = sourcecode.swift; path = String_Extension.swift; sourceTree = "<group>"; };
		E6E33FAD2920D98800FBEBC0 /* NetworkService.swift */ = {isa = PBXFileReference; lastKnownFileType = sourcecode.swift; path = NetworkService.swift; sourceTree = "<group>"; };
		E6E33FE82921050F00FBEBC0 /* SwipeCollectionViewCell.swift */ = {isa = PBXFileReference; lastKnownFileType = sourcecode.swift; path = SwipeCollectionViewCell.swift; sourceTree = "<group>"; };
		E6E33FE92921050F00FBEBC0 /* SwipeCollectionViewCell.xib */ = {isa = PBXFileReference; lastKnownFileType = file.xib; path = SwipeCollectionViewCell.xib; sourceTree = "<group>"; };
		E6E33FF029213A9F00FBEBC0 /* NasaGalleryAppUITests.xctest */ = {isa = PBXFileReference; explicitFileType = wrapper.cfbundle; includeInIndex = 0; path = NasaGalleryAppUITests.xctest; sourceTree = BUILT_PRODUCTS_DIR; };
		E6E33FF229213A9F00FBEBC0 /* NasaGalleryAppUITests.swift */ = {isa = PBXFileReference; lastKnownFileType = sourcecode.swift; path = NasaGalleryAppUITests.swift; sourceTree = "<group>"; };
		E6E33FF429213A9F00FBEBC0 /* NasaGalleryAppUITestsLaunchTests.swift */ = {isa = PBXFileReference; lastKnownFileType = sourcecode.swift; path = NasaGalleryAppUITestsLaunchTests.swift; sourceTree = "<group>"; };
		E6EC290B2920192E00453F09 /* GalleryDetailsViewController.swift */ = {isa = PBXFileReference; lastKnownFileType = sourcecode.swift; path = GalleryDetailsViewController.swift; sourceTree = "<group>"; };
		E6EC290C2920192E00453F09 /* GalleryDetailsViewController.xib */ = {isa = PBXFileReference; lastKnownFileType = file.xib; path = GalleryDetailsViewController.xib; sourceTree = "<group>"; };
		F114B6865EF10C3D34008BAD /* Pods-NasaGalleryApp.debug.xcconfig */ = {isa = PBXFileReference; includeInIndex = 1; lastKnownFileType = text.xcconfig; name = "Pods-NasaGalleryApp.debug.xcconfig"; path = "Target Support Files/Pods-NasaGalleryApp/Pods-NasaGalleryApp.debug.xcconfig"; sourceTree = "<group>"; };
/* End PBXFileReference section */

/* Begin PBXFrameworksBuildPhase section */
		E65BF0E52921567200CDEBC6 /* Frameworks */ = {
			isa = PBXFrameworksBuildPhase;
			buildActionMask = 2147483647;
			files = (
			);
			runOnlyForDeploymentPostprocessing = 0;
		};
		E66FADB9291F6FCF00CD4018 /* Frameworks */ = {
			isa = PBXFrameworksBuildPhase;
			buildActionMask = 2147483647;
			files = (
				373C8C9500907958F1A51800 /* Pods_NasaGalleryApp.framework in Frameworks */,
			);
			runOnlyForDeploymentPostprocessing = 0;
		};
		E6E33FED29213A9F00FBEBC0 /* Frameworks */ = {
			isa = PBXFrameworksBuildPhase;
			buildActionMask = 2147483647;
			files = (
			);
			runOnlyForDeploymentPostprocessing = 0;
		};
/* End PBXFrameworksBuildPhase section */

/* Begin PBXGroup section */
		DF132BC5FB7703EE3749645F /* Pods */ = {
			isa = PBXGroup;
			children = (
				F114B6865EF10C3D34008BAD /* Pods-NasaGalleryApp.debug.xcconfig */,
				A24EF739296B78EF0BDE8AD0 /* Pods-NasaGalleryApp.release.xcconfig */,
			);
			path = Pods;
			sourceTree = "<group>";
		};
		E65BF0F4292156C100CDEBC6 /* NasaGalleryAppTests */ = {
			isa = PBXGroup;
			children = (
				E65BF0F5292156C100CDEBC6 /* NasaGalleryAppTests.swift */,
			);
			path = NasaGalleryAppTests;
			sourceTree = "<group>";
		};
		E66FADB3291F6FCF00CD4018 = {
			isa = PBXGroup;
			children = (
				E66FADBE291F6FCF00CD4018 /* NasaGalleryApp */,
				E65BF0F4292156C100CDEBC6 /* NasaGalleryAppTests */,
				E6E33FF129213A9F00FBEBC0 /* NasaGalleryAppUITests */,
				E66FADBD291F6FCF00CD4018 /* Products */,
				DF132BC5FB7703EE3749645F /* Pods */,
				F1127BAFFC2AABD2659DF911 /* Frameworks */,
			);
			sourceTree = "<group>";
		};
		E66FADBD291F6FCF00CD4018 /* Products */ = {
			isa = PBXGroup;
			children = (
				E66FADBC291F6FCF00CD4018 /* NasaGalleryApp.app */,
				E6E33FF029213A9F00FBEBC0 /* NasaGalleryAppUITests.xctest */,
				E65BF0E82921567200CDEBC6 /* NasaGalleryAppTests.xctest */,
			);
			name = Products;
			sourceTree = "<group>";
		};
		E66FADBE291F6FCF00CD4018 /* NasaGalleryApp */ = {
			isa = PBXGroup;
			children = (
				E66FADE8291FAEAC00CD4018 /* Extensions */,
				E66FADE5291FA46A00CD4018 /* Util */,
				E66FADDF291F815D00CD4018 /* Managers */,
				E66FADD3291F781B00CD4018 /* GalleryHome */,
				E6EC290A2920190F00453F09 /* GalleryDetails */,
				E66FADBF291F6FCF00CD4018 /* AppDelegate.swift */,
				E66FADC8291F6FD000CD4018 /* Assets.xcassets */,
				E66FADCA291F6FD000CD4018 /* LaunchScreen.storyboard */,
				E66FADCD291F6FD000CD4018 /* Info.plist */,
			);
			path = NasaGalleryApp;
			sourceTree = "<group>";
		};
		E66FADD3291F781B00CD4018 /* GalleryHome */ = {
			isa = PBXGroup;
			children = (
				E66FADD6291F784A00CD4018 /* ViewModel */,
				E66FADD5291F784300CD4018 /* View */,
				E66FADD4291F783B00CD4018 /* Model */,
			);
			path = GalleryHome;
			sourceTree = "<group>";
		};
		E66FADD4291F783B00CD4018 /* Model */ = {
			isa = PBXGroup;
			children = (
				E66FADDD291F7F0500CD4018 /* GalleryModel.swift */,
			);
			path = Model;
			sourceTree = "<group>";
		};
		E66FADD5291F784300CD4018 /* View */ = {
			isa = PBXGroup;
			children = (
				E66FADF2291FC20500CD4018 /* Cells */,
				E66FADD7291F7E8200CD4018 /* GalleryHomeViewController.swift */,
				E66FADD8291F7E8200CD4018 /* GalleryHomeViewController.xib */,
			);
			path = View;
			sourceTree = "<group>";
		};
		E66FADD6291F784A00CD4018 /* ViewModel */ = {
			isa = PBXGroup;
			children = (
				E66FADDB291F7EBB00CD4018 /* GalleryHomeViewModel.swift */,
				E66FADF0291FBFA000CD4018 /* GalleryItemViewModel.swift */,
			);
			path = ViewModel;
			sourceTree = "<group>";
		};
		E66FADDF291F815D00CD4018 /* Managers */ = {
			isa = PBXGroup;
			children = (
				E66FADE0291F816A00CD4018 /* Network */,
			);
			path = Managers;
			sourceTree = "<group>";
		};
		E66FADE0291F816A00CD4018 /* Network */ = {
			isa = PBXGroup;
			children = (
				E6E33FAD2920D98800FBEBC0 /* NetworkService.swift */,
				E66FADE1291F817D00CD4018 /* NetworkManager.swift */,
				E66FADE3291F83C800CD4018 /* NetworkError.swift */,
			);
			path = Network;
			sourceTree = "<group>";
		};
		E66FADE5291FA46A00CD4018 /* Util */ = {
			isa = PBXGroup;
			children = (
				E66FADEB291FAEF700CD4018 /* CVProgress */,
				E66FADE6291FA4B500CD4018 /* Observable.swift */,
			);
			path = Util;
			sourceTree = "<group>";
		};
		E66FADE8291FAEAC00CD4018 /* Extensions */ = {
			isa = PBXGroup;
			children = (
				E66FADE9291FAEC000CD4018 /* UIViewController_Extension.swift */,
				E66FADF7291FC3E900CD4018 /* String_Extension.swift */,
			);
			path = Extensions;
			sourceTree = "<group>";
		};
		E66FADEB291FAEF700CD4018 /* CVProgress */ = {
			isa = PBXGroup;
			children = (
				E66FADEC291FAF0800CD4018 /* CVProgressHUD.swift */,
				E66FADED291FAF0800CD4018 /* CVProgressHUD.xib */,
			);
			path = CVProgress;
			sourceTree = "<group>";
		};
		E66FADF2291FC20500CD4018 /* Cells */ = {
			isa = PBXGroup;
			children = (
				E66FADF3291FC21F00CD4018 /* GalleryCollectionViewCell.swift */,
				E66FADF4291FC21F00CD4018 /* GalleryCollectionViewCell.xib */,
			);
			path = Cells;
			sourceTree = "<group>";
		};
		E6E33FE7292104F500FBEBC0 /* Cells */ = {
			isa = PBXGroup;
			children = (
				E6E33FE82921050F00FBEBC0 /* SwipeCollectionViewCell.swift */,
				E6E33FE92921050F00FBEBC0 /* SwipeCollectionViewCell.xib */,
			);
			path = Cells;
			sourceTree = "<group>";
		};
		E6E33FF129213A9F00FBEBC0 /* NasaGalleryAppUITests */ = {
			isa = PBXGroup;
			children = (
				E6E33FF229213A9F00FBEBC0 /* NasaGalleryAppUITests.swift */,
				E6E33FF429213A9F00FBEBC0 /* NasaGalleryAppUITestsLaunchTests.swift */,
			);
			path = NasaGalleryAppUITests;
			sourceTree = "<group>";
		};
		E6EC290A2920190F00453F09 /* GalleryDetails */ = {
			isa = PBXGroup;
			children = (
				E6E33FE7292104F500FBEBC0 /* Cells */,
				E6EC290B2920192E00453F09 /* GalleryDetailsViewController.swift */,
				E6EC290C2920192E00453F09 /* GalleryDetailsViewController.xib */,
			);
			path = GalleryDetails;
			sourceTree = "<group>";
		};
		F1127BAFFC2AABD2659DF911 /* Frameworks */ = {
			isa = PBXGroup;
			children = (
				8EF3BF829F72645071550C86 /* Pods_NasaGalleryApp.framework */,
			);
			name = Frameworks;
			sourceTree = "<group>";
		};
/* End PBXGroup section */

/* Begin PBXNativeTarget section */
		E65BF0E72921567200CDEBC6 /* NasaGalleryAppTests */ = {
			isa = PBXNativeTarget;
			buildConfigurationList = E65BF0EE2921567300CDEBC6 /* Build configuration list for PBXNativeTarget "NasaGalleryAppTests" */;
			buildPhases = (
				E65BF0E42921567200CDEBC6 /* Sources */,
				E65BF0E52921567200CDEBC6 /* Frameworks */,
				E65BF0E62921567200CDEBC6 /* Resources */,
			);
			buildRules = (
			);
			dependencies = (
				E65BF0ED2921567300CDEBC6 /* PBXTargetDependency */,
			);
			name = NasaGalleryAppTests;
			productName = NasaGalleryAppTests;
			productReference = E65BF0E82921567200CDEBC6 /* NasaGalleryAppTests.xctest */;
			productType = "com.apple.product-type.bundle.unit-test";
		};
		E66FADBB291F6FCF00CD4018 /* NasaGalleryApp */ = {
			isa = PBXNativeTarget;
			buildConfigurationList = E66FADD0291F6FD000CD4018 /* Build configuration list for PBXNativeTarget "NasaGalleryApp" */;
			buildPhases = (
				0D622AA742277149353FDFB3 /* [CP] Check Pods Manifest.lock */,
				E66FADB8291F6FCF00CD4018 /* Sources */,
				E66FADB9291F6FCF00CD4018 /* Frameworks */,
				E66FADBA291F6FCF00CD4018 /* Resources */,
				3E40C3277639C6C9344579F4 /* [CP] Embed Pods Frameworks */,
			);
			buildRules = (
			);
			dependencies = (
			);
			name = NasaGalleryApp;
			productName = NasaGalleryApp;
			productReference = E66FADBC291F6FCF00CD4018 /* NasaGalleryApp.app */;
			productType = "com.apple.product-type.application";
		};
		E6E33FEF29213A9F00FBEBC0 /* NasaGalleryAppUITests */ = {
			isa = PBXNativeTarget;
			buildConfigurationList = E6E33FF829213A9F00FBEBC0 /* Build configuration list for PBXNativeTarget "NasaGalleryAppUITests" */;
			buildPhases = (
				E6E33FEC29213A9F00FBEBC0 /* Sources */,
				E6E33FED29213A9F00FBEBC0 /* Frameworks */,
				E6E33FEE29213A9F00FBEBC0 /* Resources */,
			);
			buildRules = (
			);
			dependencies = (
				E6E33FF729213A9F00FBEBC0 /* PBXTargetDependency */,
			);
			name = NasaGalleryAppUITests;
			productName = NasaGalleryAppUITests;
			productReference = E6E33FF029213A9F00FBEBC0 /* NasaGalleryAppUITests.xctest */;
			productType = "com.apple.product-type.bundle.ui-testing";
		};
/* End PBXNativeTarget section */

/* Begin PBXProject section */
		E66FADB4291F6FCF00CD4018 /* Project object */ = {
			isa = PBXProject;
			attributes = {
				BuildIndependentTargetsInParallel = 1;
				LastSwiftUpdateCheck = 1340;
				LastUpgradeCheck = 1340;
				TargetAttributes = {
					E65BF0E72921567200CDEBC6 = {
						CreatedOnToolsVersion = 13.4.1;
						TestTargetID = E66FADBB291F6FCF00CD4018;
					};
					E66FADBB291F6FCF00CD4018 = {
						CreatedOnToolsVersion = 13.4.1;
					};
					E6E33FEF29213A9F00FBEBC0 = {
						CreatedOnToolsVersion = 13.4.1;
						TestTargetID = E66FADBB291F6FCF00CD4018;
					};
				};
			};
			buildConfigurationList = E66FADB7291F6FCF00CD4018 /* Build configuration list for PBXProject "NasaGalleryApp" */;
			compatibilityVersion = "Xcode 13.0";
			developmentRegion = en;
			hasScannedForEncodings = 0;
			knownRegions = (
				en,
				Base,
			);
			mainGroup = E66FADB3291F6FCF00CD4018;
			productRefGroup = E66FADBD291F6FCF00CD4018 /* Products */;
			projectDirPath = "";
			projectRoot = "";
			targets = (
				E66FADBB291F6FCF00CD4018 /* NasaGalleryApp */,
				E6E33FEF29213A9F00FBEBC0 /* NasaGalleryAppUITests */,
				E65BF0E72921567200CDEBC6 /* NasaGalleryAppTests */,
			);
		};
/* End PBXProject section */

/* Begin PBXResourcesBuildPhase section */
		E65BF0E62921567200CDEBC6 /* Resources */ = {
			isa = PBXResourcesBuildPhase;
			buildActionMask = 2147483647;
			files = (
			);
			runOnlyForDeploymentPostprocessing = 0;
		};
		E66FADBA291F6FCF00CD4018 /* Resources */ = {
			isa = PBXResourcesBuildPhase;
			buildActionMask = 2147483647;
			files = (
				E6EC290E2920192E00453F09 /* GalleryDetailsViewController.xib in Resources */,
				E66FADCC291F6FD000CD4018 /* LaunchScreen.storyboard in Resources */,
				E66FADF6291FC21F00CD4018 /* GalleryCollectionViewCell.xib in Resources */,
				E66FADC9291F6FD000CD4018 /* Assets.xcassets in Resources */,
				E66FADEF291FAF0800CD4018 /* CVProgressHUD.xib in Resources */,
				E6E33FEB2921050F00FBEBC0 /* SwipeCollectionViewCell.xib in Resources */,
				E66FADDA291F7E8200CD4018 /* GalleryHomeViewController.xib in Resources */,
			);
			runOnlyForDeploymentPostprocessing = 0;
		};
		E6E33FEE29213A9F00FBEBC0 /* Resources */ = {
			isa = PBXResourcesBuildPhase;
			buildActionMask = 2147483647;
			files = (
			);
			runOnlyForDeploymentPostprocessing = 0;
		};
/* End PBXResourcesBuildPhase section */

/* Begin PBXShellScriptBuildPhase section */
		0D622AA742277149353FDFB3 /* [CP] Check Pods Manifest.lock */ = {
			isa = PBXShellScriptBuildPhase;
			buildActionMask = 2147483647;
			files = (
			);
			inputFileListPaths = (
			);
			inputPaths = (
				"${PODS_PODFILE_DIR_PATH}/Podfile.lock",
				"${PODS_ROOT}/Manifest.lock",
			);
			name = "[CP] Check Pods Manifest.lock";
			outputFileListPaths = (
			);
			outputPaths = (
				"$(DERIVED_FILE_DIR)/Pods-NasaGalleryApp-checkManifestLockResult.txt",
			);
			runOnlyForDeploymentPostprocessing = 0;
			shellPath = /bin/sh;
			shellScript = "diff \"${PODS_PODFILE_DIR_PATH}/Podfile.lock\" \"${PODS_ROOT}/Manifest.lock\" > /dev/null\nif [ $? != 0 ] ; then\n    # print error to STDERR\n    echo \"error: The sandbox is not in sync with the Podfile.lock. Run 'pod install' or update your CocoaPods installation.\" >&2\n    exit 1\nfi\n# This output is used by Xcode 'outputs' to avoid re-running this script phase.\necho \"SUCCESS\" > \"${SCRIPT_OUTPUT_FILE_0}\"\n";
			showEnvVarsInLog = 0;
		};
		3E40C3277639C6C9344579F4 /* [CP] Embed Pods Frameworks */ = {
			isa = PBXShellScriptBuildPhase;
			buildActionMask = 2147483647;
			files = (
			);
			inputFileListPaths = (
				"${PODS_ROOT}/Target Support Files/Pods-NasaGalleryApp/Pods-NasaGalleryApp-frameworks-${CONFIGURATION}-input-files.xcfilelist",
			);
			name = "[CP] Embed Pods Frameworks";
			outputFileListPaths = (
				"${PODS_ROOT}/Target Support Files/Pods-NasaGalleryApp/Pods-NasaGalleryApp-frameworks-${CONFIGURATION}-output-files.xcfilelist",
			);
			runOnlyForDeploymentPostprocessing = 0;
			shellPath = /bin/sh;
			shellScript = "\"${PODS_ROOT}/Target Support Files/Pods-NasaGalleryApp/Pods-NasaGalleryApp-frameworks.sh\"\n";
			showEnvVarsInLog = 0;
		};
/* End PBXShellScriptBuildPhase section */

/* Begin PBXSourcesBuildPhase section */
		E65BF0E42921567200CDEBC6 /* Sources */ = {
			isa = PBXSourcesBuildPhase;
			buildActionMask = 2147483647;
			files = (
				E65BF0F6292156C100CDEBC6 /* NasaGalleryAppTests.swift in Sources */,
			);
			runOnlyForDeploymentPostprocessing = 0;
		};
		E66FADB8291F6FCF00CD4018 /* Sources */ = {
			isa = PBXSourcesBuildPhase;
			buildActionMask = 2147483647;
			files = (
				E66FADF5291FC21F00CD4018 /* GalleryCollectionViewCell.swift in Sources */,
				E66FADEE291FAF0800CD4018 /* CVProgressHUD.swift in Sources */,
				E66FADE4291F83C800CD4018 /* NetworkError.swift in Sources */,
				E66FADF8291FC3E900CD4018 /* String_Extension.swift in Sources */,
				E66FADDC291F7EBB00CD4018 /* GalleryHomeViewModel.swift in Sources */,
				E66FADC0291F6FCF00CD4018 /* AppDelegate.swift in Sources */,
				E66FADE7291FA4B500CD4018 /* Observable.swift in Sources */,
				E66FADEA291FAEC000CD4018 /* UIViewController_Extension.swift in Sources */,
				E6E33FAE2920D98800FBEBC0 /* NetworkService.swift in Sources */,
				E66FADE2291F817D00CD4018 /* NetworkManager.swift in Sources */,
				E6E33FEA2921050F00FBEBC0 /* SwipeCollectionViewCell.swift in Sources */,
				E6EC290D2920192E00453F09 /* GalleryDetailsViewController.swift in Sources */,
				E66FADD9291F7E8200CD4018 /* GalleryHomeViewController.swift in Sources */,
				E66FADF1291FBFA000CD4018 /* GalleryItemViewModel.swift in Sources */,
				E66FADDE291F7F0500CD4018 /* GalleryModel.swift in Sources */,
			);
			runOnlyForDeploymentPostprocessing = 0;
		};
		E6E33FEC29213A9F00FBEBC0 /* Sources */ = {
			isa = PBXSourcesBuildPhase;
			buildActionMask = 2147483647;
			files = (
				E6E33FF529213A9F00FBEBC0 /* NasaGalleryAppUITestsLaunchTests.swift in Sources */,
				E6E33FF329213A9F00FBEBC0 /* NasaGalleryAppUITests.swift in Sources */,
			);
			runOnlyForDeploymentPostprocessing = 0;
		};
/* End PBXSourcesBuildPhase section */

/* Begin PBXTargetDependency section */
		E65BF0ED2921567300CDEBC6 /* PBXTargetDependency */ = {
			isa = PBXTargetDependency;
			target = E66FADBB291F6FCF00CD4018 /* NasaGalleryApp */;
			targetProxy = E65BF0EC2921567300CDEBC6 /* PBXContainerItemProxy */;
		};
		E6E33FF729213A9F00FBEBC0 /* PBXTargetDependency */ = {
			isa = PBXTargetDependency;
			target = E66FADBB291F6FCF00CD4018 /* NasaGalleryApp */;
			targetProxy = E6E33FF629213A9F00FBEBC0 /* PBXContainerItemProxy */;
		};
/* End PBXTargetDependency section */

/* Begin PBXVariantGroup section */
		E66FADCA291F6FD000CD4018 /* LaunchScreen.storyboard */ = {
			isa = PBXVariantGroup;
			children = (
				E66FADCB291F6FD000CD4018 /* Base */,
			);
			name = LaunchScreen.storyboard;
			sourceTree = "<group>";
		};
/* End PBXVariantGroup section */

/* Begin XCBuildConfiguration section */
		E65BF0EF2921567300CDEBC6 /* Debug */ = {
			isa = XCBuildConfiguration;
			buildSettings = {
				BUNDLE_LOADER = "$(TEST_HOST)";
				CODE_SIGN_STYLE = Automatic;
				CURRENT_PROJECT_VERSION = 1;
				GENERATE_INFOPLIST_FILE = YES;
				MARKETING_VERSION = 1.0;
				PRODUCT_BUNDLE_IDENTIFIER = com.personal.NasaGalleryAppTests;
				PRODUCT_NAME = "$(TARGET_NAME)";
				SWIFT_EMIT_LOC_STRINGS = NO;
				SWIFT_VERSION = 5.0;
				TARGETED_DEVICE_FAMILY = "1,2";
				TEST_HOST = "$(BUILT_PRODUCTS_DIR)/NasaGalleryApp.app/NasaGalleryApp";
			};
			name = Debug;
		};
		E65BF0F02921567300CDEBC6 /* Release */ = {
			isa = XCBuildConfiguration;
			buildSettings = {
				BUNDLE_LOADER = "$(TEST_HOST)";
				CODE_SIGN_STYLE = Automatic;
				CURRENT_PROJECT_VERSION = 1;
				GENERATE_INFOPLIST_FILE = YES;
				MARKETING_VERSION = 1.0;
				PRODUCT_BUNDLE_IDENTIFIER = com.personal.NasaGalleryAppTests;
				PRODUCT_NAME = "$(TARGET_NAME)";
				SWIFT_EMIT_LOC_STRINGS = NO;
				SWIFT_VERSION = 5.0;
				TARGETED_DEVICE_FAMILY = "1,2";
				TEST_HOST = "$(BUILT_PRODUCTS_DIR)/NasaGalleryApp.app/NasaGalleryApp";
			};
			name = Release;
		};
		E66FADCE291F6FD000CD4018 /* Debug */ = {
			isa = XCBuildConfiguration;
			buildSettings = {
				ALWAYS_SEARCH_USER_PATHS = NO;
				CLANG_ANALYZER_NONNULL = YES;
				CLANG_ANALYZER_NUMBER_OBJECT_CONVERSION = YES_AGGRESSIVE;
				CLANG_CXX_LANGUAGE_STANDARD = "gnu++17";
				CLANG_ENABLE_MODULES = YES;
				CLANG_ENABLE_OBJC_ARC = YES;
				CLANG_ENABLE_OBJC_WEAK = YES;
				CLANG_WARN_BLOCK_CAPTURE_AUTORELEASING = YES;
				CLANG_WARN_BOOL_CONVERSION = YES;
				CLANG_WARN_COMMA = YES;
				CLANG_WARN_CONSTANT_CONVERSION = YES;
				CLANG_WARN_DEPRECATED_OBJC_IMPLEMENTATIONS = YES;
				CLANG_WARN_DIRECT_OBJC_ISA_USAGE = YES_ERROR;
				CLANG_WARN_DOCUMENTATION_COMMENTS = YES;
				CLANG_WARN_EMPTY_BODY = YES;
				CLANG_WARN_ENUM_CONVERSION = YES;
				CLANG_WARN_INFINITE_RECURSION = YES;
				CLANG_WARN_INT_CONVERSION = YES;
				CLANG_WARN_NON_LITERAL_NULL_CONVERSION = YES;
				CLANG_WARN_OBJC_IMPLICIT_RETAIN_SELF = YES;
				CLANG_WARN_OBJC_LITERAL_CONVERSION = YES;
				CLANG_WARN_OBJC_ROOT_CLASS = YES_ERROR;
				CLANG_WARN_QUOTED_INCLUDE_IN_FRAMEWORK_HEADER = YES;
				CLANG_WARN_RANGE_LOOP_ANALYSIS = YES;
				CLANG_WARN_STRICT_PROTOTYPES = YES;
				CLANG_WARN_SUSPICIOUS_MOVE = YES;
				CLANG_WARN_UNGUARDED_AVAILABILITY = YES_AGGRESSIVE;
				CLANG_WARN_UNREACHABLE_CODE = YES;
				CLANG_WARN__DUPLICATE_METHOD_MATCH = YES;
				COPY_PHASE_STRIP = NO;
				DEBUG_INFORMATION_FORMAT = dwarf;
				ENABLE_STRICT_OBJC_MSGSEND = YES;
				ENABLE_TESTABILITY = YES;
				GCC_C_LANGUAGE_STANDARD = gnu11;
				GCC_DYNAMIC_NO_PIC = NO;
				GCC_NO_COMMON_BLOCKS = YES;
				GCC_OPTIMIZATION_LEVEL = 0;
				GCC_PREPROCESSOR_DEFINITIONS = (
					"DEBUG=1",
					"$(inherited)",
				);
				GCC_WARN_64_TO_32_BIT_CONVERSION = YES;
				GCC_WARN_ABOUT_RETURN_TYPE = YES_ERROR;
				GCC_WARN_UNDECLARED_SELECTOR = YES;
				GCC_WARN_UNINITIALIZED_AUTOS = YES_AGGRESSIVE;
				GCC_WARN_UNUSED_FUNCTION = YES;
				GCC_WARN_UNUSED_VARIABLE = YES;
				IPHONEOS_DEPLOYMENT_TARGET = 15.5;
				MTL_ENABLE_DEBUG_INFO = INCLUDE_SOURCE;
				MTL_FAST_MATH = YES;
				ONLY_ACTIVE_ARCH = YES;
				SDKROOT = iphoneos;
				SWIFT_ACTIVE_COMPILATION_CONDITIONS = DEBUG;
				SWIFT_OPTIMIZATION_LEVEL = "-Onone";
			};
			name = Debug;
		};
		E66FADCF291F6FD000CD4018 /* Release */ = {
			isa = XCBuildConfiguration;
			buildSettings = {
				ALWAYS_SEARCH_USER_PATHS = NO;
				CLANG_ANALYZER_NONNULL = YES;
				CLANG_ANALYZER_NUMBER_OBJECT_CONVERSION = YES_AGGRESSIVE;
				CLANG_CXX_LANGUAGE_STANDARD = "gnu++17";
				CLANG_ENABLE_MODULES = YES;
				CLANG_ENABLE_OBJC_ARC = YES;
				CLANG_ENABLE_OBJC_WEAK = YES;
				CLANG_WARN_BLOCK_CAPTURE_AUTORELEASING = YES;
				CLANG_WARN_BOOL_CONVERSION = YES;
				CLANG_WARN_COMMA = YES;
				CLANG_WARN_CONSTANT_CONVERSION = YES;
				CLANG_WARN_DEPRECATED_OBJC_IMPLEMENTATIONS = YES;
				CLANG_WARN_DIRECT_OBJC_ISA_USAGE = YES_ERROR;
				CLANG_WARN_DOCUMENTATION_COMMENTS = YES;
				CLANG_WARN_EMPTY_BODY = YES;
				CLANG_WARN_ENUM_CONVERSION = YES;
				CLANG_WARN_INFINITE_RECURSION = YES;
				CLANG_WARN_INT_CONVERSION = YES;
				CLANG_WARN_NON_LITERAL_NULL_CONVERSION = YES;
				CLANG_WARN_OBJC_IMPLICIT_RETAIN_SELF = YES;
				CLANG_WARN_OBJC_LITERAL_CONVERSION = YES;
				CLANG_WARN_OBJC_ROOT_CLASS = YES_ERROR;
				CLANG_WARN_QUOTED_INCLUDE_IN_FRAMEWORK_HEADER = YES;
				CLANG_WARN_RANGE_LOOP_ANALYSIS = YES;
				CLANG_WARN_STRICT_PROTOTYPES = YES;
				CLANG_WARN_SUSPICIOUS_MOVE = YES;
				CLANG_WARN_UNGUARDED_AVAILABILITY = YES_AGGRESSIVE;
				CLANG_WARN_UNREACHABLE_CODE = YES;
				CLANG_WARN__DUPLICATE_METHOD_MATCH = YES;
				COPY_PHASE_STRIP = NO;
				DEBUG_INFORMATION_FORMAT = "dwarf-with-dsym";
				ENABLE_NS_ASSERTIONS = NO;
				ENABLE_STRICT_OBJC_MSGSEND = YES;
				GCC_C_LANGUAGE_STANDARD = gnu11;
				GCC_NO_COMMON_BLOCKS = YES;
				GCC_WARN_64_TO_32_BIT_CONVERSION = YES;
				GCC_WARN_ABOUT_RETURN_TYPE = YES_ERROR;
				GCC_WARN_UNDECLARED_SELECTOR = YES;
				GCC_WARN_UNINITIALIZED_AUTOS = YES_AGGRESSIVE;
				GCC_WARN_UNUSED_FUNCTION = YES;
				GCC_WARN_UNUSED_VARIABLE = YES;
				IPHONEOS_DEPLOYMENT_TARGET = 15.5;
				MTL_ENABLE_DEBUG_INFO = NO;
				MTL_FAST_MATH = YES;
				SDKROOT = iphoneos;
				SWIFT_COMPILATION_MODE = wholemodule;
				SWIFT_OPTIMIZATION_LEVEL = "-O";
				VALIDATE_PRODUCT = YES;
			};
			name = Release;
		};
		E66FADD1291F6FD000CD4018 /* Debug */ = {
			isa = XCBuildConfiguration;
			baseConfigurationReference = F114B6865EF10C3D34008BAD /* Pods-NasaGalleryApp.debug.xcconfig */;
			buildSettings = {
				ASSETCATALOG_COMPILER_APPICON_NAME = AppIcon;
				ASSETCATALOG_COMPILER_GLOBAL_ACCENT_COLOR_NAME = AccentColor;
				CODE_SIGN_STYLE = Automatic;
				CURRENT_PROJECT_VERSION = 1;
				GENERATE_INFOPLIST_FILE = YES;
				INFOPLIST_FILE = NasaGalleryApp/Info.plist;
				INFOPLIST_KEY_UIApplicationSupportsIndirectInputEvents = YES;
				INFOPLIST_KEY_UILaunchStoryboardName = LaunchScreen;
				INFOPLIST_KEY_UISupportedInterfaceOrientations_iPad = "UIInterfaceOrientationPortrait UIInterfaceOrientationPortraitUpsideDown UIInterfaceOrientationLandscapeLeft UIInterfaceOrientationLandscapeRight";
				INFOPLIST_KEY_UISupportedInterfaceOrientations_iPhone = "UIInterfaceOrientationPortrait UIInterfaceOrientationLandscapeLeft UIInterfaceOrientationLandscapeRight";
				IPHONEOS_DEPLOYMENT_TARGET = 13.0;
				LD_RUNPATH_SEARCH_PATHS = (
					"$(inherited)",
					"@executable_path/Frameworks",
				);
				MARKETING_VERSION = 1.0;
				PRODUCT_BUNDLE_IDENTIFIER = com.personal.NasaGalleryApp;
				PRODUCT_NAME = "$(TARGET_NAME)";
				SWIFT_EMIT_LOC_STRINGS = YES;
				SWIFT_VERSION = 5.0;
				TARGETED_DEVICE_FAMILY = "1,2";
			};
			name = Debug;
		};
		E66FADD2291F6FD000CD4018 /* Release */ = {
			isa = XCBuildConfiguration;
			baseConfigurationReference = A24EF739296B78EF0BDE8AD0 /* Pods-NasaGalleryApp.release.xcconfig */;
			buildSettings = {
				ASSETCATALOG_COMPILER_APPICON_NAME = AppIcon;
				ASSETCATALOG_COMPILER_GLOBAL_ACCENT_COLOR_NAME = AccentColor;
				CODE_SIGN_STYLE = Automatic;
				CURRENT_PROJECT_VERSION = 1;
				GENERATE_INFOPLIST_FILE = YES;
				INFOPLIST_FILE = NasaGalleryApp/Info.plist;
				INFOPLIST_KEY_UIApplicationSupportsIndirectInputEvents = YES;
				INFOPLIST_KEY_UILaunchStoryboardName = LaunchScreen;
				INFOPLIST_KEY_UISupportedInterfaceOrientations_iPad = "UIInterfaceOrientationPortrait UIInterfaceOrientationPortraitUpsideDown UIInterfaceOrientationLandscapeLeft UIInterfaceOrientationLandscapeRight";
				INFOPLIST_KEY_UISupportedInterfaceOrientations_iPhone = "UIInterfaceOrientationPortrait UIInterfaceOrientationLandscapeLeft UIInterfaceOrientationLandscapeRight";
				IPHONEOS_DEPLOYMENT_TARGET = 13.0;
				LD_RUNPATH_SEARCH_PATHS = (
					"$(inherited)",
					"@executable_path/Frameworks",
				);
				MARKETING_VERSION = 1.0;
				PRODUCT_BUNDLE_IDENTIFIER = com.personal.NasaGalleryApp;
				PRODUCT_NAME = "$(TARGET_NAME)";
				SWIFT_EMIT_LOC_STRINGS = YES;
				SWIFT_VERSION = 5.0;
				TARGETED_DEVICE_FAMILY = "1,2";
			};
			name = Release;
		};
		E6E33FF929213A9F00FBEBC0 /* Debug */ = {
			isa = XCBuildConfiguration;
			buildSettings = {
				CODE_SIGN_STYLE = Automatic;
				CURRENT_PROJECT_VERSION = 1;
				GENERATE_INFOPLIST_FILE = YES;
				MARKETING_VERSION = 1.0;
				PRODUCT_BUNDLE_IDENTIFIER = com.personal.NasaGalleryAppUITests;
				PRODUCT_NAME = "$(TARGET_NAME)";
				SWIFT_EMIT_LOC_STRINGS = NO;
				SWIFT_VERSION = 5.0;
				TARGETED_DEVICE_FAMILY = "1,2";
				TEST_TARGET_NAME = NasaGalleryApp;
			};
			name = Debug;
		};
		E6E33FFA29213A9F00FBEBC0 /* Release */ = {
			isa = XCBuildConfiguration;
			buildSettings = {
				CODE_SIGN_STYLE = Automatic;
				CURRENT_PROJECT_VERSION = 1;
				GENERATE_INFOPLIST_FILE = YES;
				MARKETING_VERSION = 1.0;
				PRODUCT_BUNDLE_IDENTIFIER = com.personal.NasaGalleryAppUITests;
				PRODUCT_NAME = "$(TARGET_NAME)";
				SWIFT_EMIT_LOC_STRINGS = NO;
				SWIFT_VERSION = 5.0;
				TARGETED_DEVICE_FAMILY = "1,2";
				TEST_TARGET_NAME = NasaGalleryApp;
			};
			name = Release;
		};
/* End XCBuildConfiguration section */

/* Begin XCConfigurationList section */
		E65BF0EE2921567300CDEBC6 /* Build configuration list for PBXNativeTarget "NasaGalleryAppTests" */ = {
			isa = XCConfigurationList;
			buildConfigurations = (
				E65BF0EF2921567300CDEBC6 /* Debug */,
				E65BF0F02921567300CDEBC6 /* Release */,
			);
			defaultConfigurationIsVisible = 0;
			defaultConfigurationName = Release;
		};
		E66FADB7291F6FCF00CD4018 /* Build configuration list for PBXProject "NasaGalleryApp" */ = {
			isa = XCConfigurationList;
			buildConfigurations = (
				E66FADCE291F6FD000CD4018 /* Debug */,
				E66FADCF291F6FD000CD4018 /* Release */,
			);
			defaultConfigurationIsVisible = 0;
			defaultConfigurationName = Release;
		};
		E66FADD0291F6FD000CD4018 /* Build configuration list for PBXNativeTarget "NasaGalleryApp" */ = {
			isa = XCConfigurationList;
			buildConfigurations = (
				E66FADD1291F6FD000CD4018 /* Debug */,
				E66FADD2291F6FD000CD4018 /* Release */,
			);
			defaultConfigurationIsVisible = 0;
			defaultConfigurationName = Release;
		};
		E6E33FF829213A9F00FBEBC0 /* Build configuration list for PBXNativeTarget "NasaGalleryAppUITests" */ = {
			isa = XCConfigurationList;
			buildConfigurations = (
				E6E33FF929213A9F00FBEBC0 /* Debug */,
				E6E33FFA29213A9F00FBEBC0 /* Release */,
			);
			defaultConfigurationIsVisible = 0;
			defaultConfigurationName = Release;
		};
/* End XCConfigurationList section */
	};
	rootObject = E66FADB4291F6FCF00CD4018 /* Project object */;
}
